
Microsoft Visual Studio Solution File, Format Version 12.00
# Visual Studio Version 17
VisualStudioVersion = 17.12.35707.178
MinimumVisualStudioVersion = 10.0.40219.1
Project("{FAE04EC0-301F-11D3-BF4B-00C04F79EFBC}") = "UsuariosApp.Services", "UsuariosApp.Services\UsuariosApp.Services.csproj", "{4EFC4E04-602F-4945-B12F-A90D51A14C0B}"
EndProject
Project("{2150E333-8FDC-42A3-9474-1A3956D46DE8}") = "1-API", "1-API", "{DF8AA4DF-A6C1-4102-B0EB-AFC3CB72870C}"
EndProject
Project("{2150E333-8FDC-42A3-9474-1A3956D46DE8}") = "2-DDD", "2-DDD", "{F59BA867-105E-49F9-BF5E-FCB8C42903DA}"
EndProject
Project("{2150E333-8FDC-42A3-9474-1A3956D46DE8}") = "3-TESTES", "3-TESTES", "{37280253-748A-48B8-9975-3B9D0420C7C0}"
EndProject
Project("{2150E333-8FDC-42A3-9474-1A3956D46DE8}") = "Aplication", "Aplication", "{9EDB6017-E1B3-4A43-8886-8F465D2A69BE}"
EndProject
Project("{2150E333-8FDC-42A3-9474-1A3956D46DE8}") = "Domain", "Domain", "{3E33DEBC-C6A0-4406-A926-C6850C36A5C2}"
EndProject
Project("{2150E333-8FDC-42A3-9474-1A3956D46DE8}") = "InterStructure", "InterStructure", "{E35D002E-F0EF-4504-B117-AE9ED0F45C5E}"
EndProject
Project("{FAE04EC0-301F-11D3-BF4B-00C04F79EFBC}") = "UsuariosApp.Aplication", "UsuariosApp.Aplication\UsuariosApp.Aplication.csproj", "{CB86A68E-EB85-4A43-919E-4BBFF9760088}"
EndProject
Project("{FAE04EC0-301F-11D3-BF4B-00C04F79EFBC}") = "UsuarioApp.Domain", "UsuarioApp.Domain\UsuarioApp.Domain.csproj", "{FAE944FA-364F-46B3-97B0-B1BCDE02FC2E}"
EndProject
Project("{FAE04EC0-301F-11D3-BF4B-00C04F79EFBC}") = "UsuarioApp.Infra.Data", "UsuarioApp.Infra.Data\UsuarioApp.Infra.Data.csproj", "{17160D06-ECC4-45B5-A5C1-B8ABE767EADD}"
EndProject
Project("{FAE04EC0-301F-11D3-BF4B-00C04F79EFBC}") = "UsuarioApp.Infra.Security", "UsuarioApp.Infra.Security\UsuarioApp.Infra.Security.csproj", "{6FF88C2D-1CCB-4772-A71E-05EF5CC0F66A}"
EndProject
Project("{FAE04EC0-301F-11D3-BF4B-00C04F79EFBC}") = "UsuariosApp.Tests", "UsuariosApp.Tests\UsuariosApp.Tests.csproj", "{5178D9A9-E43A-44E9-919F-90B73A8395F4}"
EndProject
Project("{FAE04EC0-301F-11D3-BF4B-00C04F79EFBC}") = "UsuariosApp.Infra.Messages", "UsuariosApp.Infra.Messages\UsuariosApp.Infra.Messages.csproj", "{FB7B68BF-9EEE-4530-BEEE-FEF62F6BC343}"
EndProject
Global
	GlobalSection(SolutionConfigurationPlatforms) = preSolution
		Debug|Any CPU = Debug|Any CPU
		Release|Any CPU = Release|Any CPU
	EndGlobalSection
	GlobalSection(ProjectConfigurationPlatforms) = postSolution
		{4EFC4E04-602F-4945-B12F-A90D51A14C0B}.Debug|Any CPU.ActiveCfg = Debug|Any CPU
		{4EFC4E04-602F-4945-B12F-A90D51A14C0B}.Debug|Any CPU.Build.0 = Debug|Any CPU
		{4EFC4E04-602F-4945-B12F-A90D51A14C0B}.Release|Any CPU.ActiveCfg = Release|Any CPU
		{4EFC4E04-602F-4945-B12F-A90D51A14C0B}.Release|Any CPU.Build.0 = Release|Any CPU
		{CB86A68E-EB85-4A43-919E-4BBFF9760088}.Debug|Any CPU.ActiveCfg = Debug|Any CPU
		{CB86A68E-EB85-4A43-919E-4BBFF9760088}.Debug|Any CPU.Build.0 = Debug|Any CPU
		{CB86A68E-EB85-4A43-919E-4BBFF9760088}.Release|Any CPU.ActiveCfg = Release|Any CPU
		{CB86A68E-EB85-4A43-919E-4BBFF9760088}.Release|Any CPU.Build.0 = Release|Any CPU
		{FAE944FA-364F-46B3-97B0-B1BCDE02FC2E}.Debug|Any CPU.ActiveCfg = Debug|Any CPU
		{FAE944FA-364F-46B3-97B0-B1BCDE02FC2E}.Debug|Any CPU.Build.0 = Debug|Any CPU
		{FAE944FA-364F-46B3-97B0-B1BCDE02FC2E}.Release|Any CPU.ActiveCfg = Release|Any CPU
		{FAE944FA-364F-46B3-97B0-B1BCDE02FC2E}.Release|Any CPU.Build.0 = Release|Any CPU
		{17160D06-ECC4-45B5-A5C1-B8ABE767EADD}.Debug|Any CPU.ActiveCfg = Debug|Any CPU
		{17160D06-ECC4-45B5-A5C1-B8ABE767EADD}.Debug|Any CPU.Build.0 = Debug|Any CPU
		{17160D06-ECC4-45B5-A5C1-B8ABE767EADD}.Release|Any CPU.ActiveCfg = Release|Any CPU
		{17160D06-ECC4-45B5-A5C1-B8ABE767EADD}.Release|Any CPU.Build.0 = Release|Any CPU
		{6FF88C2D-1CCB-4772-A71E-05EF5CC0F66A}.Debug|Any CPU.ActiveCfg = Debug|Any CPU
		{6FF88C2D-1CCB-4772-A71E-05EF5CC0F66A}.Debug|Any CPU.Build.0 = Debug|Any CPU
		{6FF88C2D-1CCB-4772-A71E-05EF5CC0F66A}.Release|Any CPU.ActiveCfg = Release|Any CPU
		{6FF88C2D-1CCB-4772-A71E-05EF5CC0F66A}.Release|Any CPU.Build.0 = Release|Any CPU
		{5178D9A9-E43A-44E9-919F-90B73A8395F4}.Debug|Any CPU.ActiveCfg = Debug|Any CPU
		{5178D9A9-E43A-44E9-919F-90B73A8395F4}.Debug|Any CPU.Build.0 = Debug|Any CPU
		{5178D9A9-E43A-44E9-919F-90B73A8395F4}.Release|Any CPU.ActiveCfg = Release|Any CPU
		{5178D9A9-E43A-44E9-919F-90B73A8395F4}.Release|Any CPU.Build.0 = Release|Any CPU
		{FB7B68BF-9EEE-4530-BEEE-FEF62F6BC343}.Debug|Any CPU.ActiveCfg = Debug|Any CPU
		{FB7B68BF-9EEE-4530-BEEE-FEF62F6BC343}.Debug|Any CPU.Build.0 = Debug|Any CPU
		{FB7B68BF-9EEE-4530-BEEE-FEF62F6BC343}.Release|Any CPU.ActiveCfg = Release|Any CPU
		{FB7B68BF-9EEE-4530-BEEE-FEF62F6BC343}.Release|Any CPU.Build.0 = Release|Any CPU
	EndGlobalSection
	GlobalSection(SolutionProperties) = preSolution
		HideSolutionNode = FALSE
	EndGlobalSection
	GlobalSection(NestedProjects) = preSolution
		{4EFC4E04-602F-4945-B12F-A90D51A14C0B} = {DF8AA4DF-A6C1-4102-B0EB-AFC3CB72870C}
		{9EDB6017-E1B3-4A43-8886-8F465D2A69BE} = {F59BA867-105E-49F9-BF5E-FCB8C42903DA}
		{3E33DEBC-C6A0-4406-A926-C6850C36A5C2} = {F59BA867-105E-49F9-BF5E-FCB8C42903DA}
		{E35D002E-F0EF-4504-B117-AE9ED0F45C5E} = {F59BA867-105E-49F9-BF5E-FCB8C42903DA}
		{CB86A68E-EB85-4A43-919E-4BBFF9760088} = {9EDB6017-E1B3-4A43-8886-8F465D2A69BE}
		{FAE944FA-364F-46B3-97B0-B1BCDE02FC2E} = {3E33DEBC-C6A0-4406-A926-C6850C36A5C2}
		{17160D06-ECC4-45B5-A5C1-B8ABE767EADD} = {E35D002E-F0EF-4504-B117-AE9ED0F45C5E}
		{6FF88C2D-1CCB-4772-A71E-05EF5CC0F66A} = {E35D002E-F0EF-4504-B117-AE9ED0F45C5E}
		{5178D9A9-E43A-44E9-919F-90B73A8395F4} = {37280253-748A-48B8-9975-3B9D0420C7C0}
		{FB7B68BF-9EEE-4530-BEEE-FEF62F6BC343} = {E35D002E-F0EF-4504-B117-AE9ED0F45C5E}
	EndGlobalSection
EndGlobal
